
Microsoft Visual Studio Solution File, Format Version 12.00
# Visual Studio Version 17
VisualStudioVersion = 17.3.32929.385
MinimumVisualStudioVersion = 10.0.40219.1
Project("{FAE04EC0-301F-11D3-BF4B-00C04F79EFBC}") = "DPMSapi", "DPMSapi\DPMSapi.csproj", "{49A896DD-1C59-4384-877E-822BA485841A}"
EndProject
Global
	GlobalSection(SolutionConfigurationPlatforms) = preSolution
		Debug|Any CPU = Debug|Any CPU
		Release|Any CPU = Release|Any CPU
	EndGlobalSection
	GlobalSection(ProjectConfigurationPlatforms) = postSolution
		{49A896DD-1C59-4384-877E-822BA485841A}.Debug|Any CPU.ActiveCfg = Debug|Any CPU
		{49A896DD-1C59-4384-877E-822BA485841A}.Debug|Any CPU.Build.0 = Debug|Any CPU
		{49A896DD-1C59-4384-877E-822BA485841A}.Release|Any CPU.ActiveCfg = Release|Any CPU
		{49A896DD-1C59-4384-877E-822BA485841A}.Release|Any CPU.Build.0 = Release|Any CPU
	EndGlobalSection
	GlobalSection(SolutionProperties) = preSolution
		HideSolutionNode = FALSE
	EndGlobalSection
	GlobalSection(ExtensibilityGlobals) = postSolution
		SolutionGuid = {05CA6DB9-603E-486A-AF0A-70EDEA635EAC}
	EndGlobalSection
EndGlobal
